
Microsoft Visual Studio Solution File, Format Version 12.00
# Visual Studio Version 16
VisualStudioVersion = 16.0.30413.136
MinimumVisualStudioVersion = 10.0.40219.1
Project("{FAE04EC0-301F-11D3-BF4B-00C04F79EFBC}") = "Stack", "Stack\Stack.csproj", "{90D1597A-1ABF-481F-B7C0-9AE5FC024369}"
EndProject
Global
	GlobalSection(SolutionConfigurationPlatforms) = preSolution
		Debug|Any CPU = Debug|Any CPU
		Release|Any CPU = Release|Any CPU
	EndGlobalSection
	GlobalSection(ProjectConfigurationPlatforms) = postSolution
		{90D1597A-1ABF-481F-B7C0-9AE5FC024369}.Debug|Any CPU.ActiveCfg = Debug|Any CPU
		{90D1597A-1ABF-481F-B7C0-9AE5FC024369}.Debug|Any CPU.Build.0 = Debug|Any CPU
		{90D1597A-1ABF-481F-B7C0-9AE5FC024369}.Release|Any CPU.ActiveCfg = Release|Any CPU
		{90D1597A-1ABF-481F-B7C0-9AE5FC024369}.Release|Any CPU.Build.0 = Release|Any CPU
	EndGlobalSection
	GlobalSection(SolutionProperties) = preSolution
		HideSolutionNode = FALSE
	EndGlobalSection
	GlobalSection(ExtensibilityGlobals) = postSolution
		SolutionGuid = {8ACFFFF2-80E6-482F-B8B3-2D220D109790}
	EndGlobalSection
EndGlobal
